
Microsoft Visual Studio Solution File, Format Version 12.00
# Visual Studio Version 17
VisualStudioVersion = 17.9.34701.34
MinimumVisualStudioVersion = 10.0.40219.1
Project("{FAE04EC0-301F-11D3-BF4B-00C04F79EFBC}") = "MyGame", "MyGame\MyGame.csproj", "{3576CA83-27A3-48F1-BBA5-E8A11012EC70}"
EndProject
Global
	GlobalSection(SolutionConfigurationPlatforms) = preSolution
		Debug|Any CPU = Debug|Any CPU
		Release|Any CPU = Release|Any CPU
	EndGlobalSection
	GlobalSection(ProjectConfigurationPlatforms) = postSolution
		{3576CA83-27A3-48F1-BBA5-E8A11012EC70}.Debug|Any CPU.ActiveCfg = Debug|Any CPU
		{3576CA83-27A3-48F1-BBA5-E8A11012EC70}.Debug|Any CPU.Build.0 = Debug|Any CPU
		{3576CA83-27A3-48F1-BBA5-E8A11012EC70}.Release|Any CPU.ActiveCfg = Release|Any CPU
		{3576CA83-27A3-48F1-BBA5-E8A11012EC70}.Release|Any CPU.Build.0 = Release|Any CPU
	EndGlobalSection
	GlobalSection(SolutionProperties) = preSolution
		HideSolutionNode = FALSE
	EndGlobalSection
	GlobalSection(ExtensibilityGlobals) = postSolution
		SolutionGuid = {5799C11D-52D1-48ED-B39D-72B5BD5FAC2F}
	EndGlobalSection
EndGlobal
